
Microsoft Visual Studio Solution File, Format Version 12.00
# Visual Studio Version 16
VisualStudioVersion = 16.0.30011.22
MinimumVisualStudioVersion = 10.0.40219.1
Project("{8BC9CEB8-8B4A-11D0-8D11-00A0C91BC942}") = "SkillBoxHW", "SkillBoxHW\SkillBoxHW.vcxproj", "{659B1CE8-EB12-4063-B3D5-3ED7D3C6DFDF}"
EndProject
Global
	GlobalSection(SolutionConfigurationPlatforms) = preSolution
		Debug|x64 = Debug|x64
		Debug|x86 = Debug|x86
		Release|x64 = Release|x64
		Release|x86 = Release|x86
	EndGlobalSection
	GlobalSection(ProjectConfigurationPlatforms) = postSolution
		{659B1CE8-EB12-4063-B3D5-3ED7D3C6DFDF}.Debug|x64.ActiveCfg = Debug|x64
		{659B1CE8-EB12-4063-B3D5-3ED7D3C6DFDF}.Debug|x64.Build.0 = Debug|x64
		{659B1CE8-EB12-4063-B3D5-3ED7D3C6DFDF}.Debug|x86.ActiveCfg = Debug|Win32
		{659B1CE8-EB12-4063-B3D5-3ED7D3C6DFDF}.Debug|x86.Build.0 = Debug|Win32
		{659B1CE8-EB12-4063-B3D5-3ED7D3C6DFDF}.Release|x64.ActiveCfg = Release|x64
		{659B1CE8-EB12-4063-B3D5-3ED7D3C6DFDF}.Release|x64.Build.0 = Release|x64
		{659B1CE8-EB12-4063-B3D5-3ED7D3C6DFDF}.Release|x86.ActiveCfg = Release|Win32
		{659B1CE8-EB12-4063-B3D5-3ED7D3C6DFDF}.Release|x86.Build.0 = Release|Win32
	EndGlobalSection
	GlobalSection(SolutionProperties) = preSolution
		HideSolutionNode = FALSE
	EndGlobalSection
	GlobalSection(ExtensibilityGlobals) = postSolution
		SolutionGuid = {0262595C-AB1E-4409-80B6-6370A3EA5DE2}
	EndGlobalSection
EndGlobal
